
Microsoft Visual Studio Solution File, Format Version 12.00
# Visual Studio Version 17
VisualStudioVersion = 17.7.34031.279
MinimumVisualStudioVersion = 10.0.40219.1
Project("{888888A0-9F3D-457C-B088-3A5042F75D52}") = "Datos_Python_MLZS", "Datos_Python_MLZS\Datos_Python_MLZS.pyproj", "{D50D65C6-D5D6-4989-B8D4-3A25352FD684}"
EndProject
Global
	GlobalSection(SolutionConfigurationPlatforms) = preSolution
		Debug|Any CPU = Debug|Any CPU
		Release|Any CPU = Release|Any CPU
	EndGlobalSection
	GlobalSection(ProjectConfigurationPlatforms) = postSolution
		{D50D65C6-D5D6-4989-B8D4-3A25352FD684}.Debug|Any CPU.ActiveCfg = Debug|Any CPU
		{D50D65C6-D5D6-4989-B8D4-3A25352FD684}.Release|Any CPU.ActiveCfg = Release|Any CPU
	EndGlobalSection
	GlobalSection(SolutionProperties) = preSolution
		HideSolutionNode = FALSE
	EndGlobalSection
	GlobalSection(ExtensibilityGlobals) = postSolution
		SolutionGuid = {CC4AEF25-E4F0-41B5-837C-5DCE0F141DA7}
	EndGlobalSection
EndGlobal
